
Microsoft Visual Studio Solution File, Format Version 12.00
# Visual Studio Version 16
VisualStudioVersion = 16.0.30413.136
MinimumVisualStudioVersion = 10.0.40219.1
Project("{FAE04EC0-301F-11D3-BF4B-00C04F79EFBC}") = "Week7", "Week7.csproj", "{7097ED68-1ECD-4206-8BDC-0B5C254E24EA}"
EndProject
Global
	GlobalSection(SolutionConfigurationPlatforms) = preSolution
		Debug|Any CPU = Debug|Any CPU
		Release|Any CPU = Release|Any CPU
	EndGlobalSection
	GlobalSection(ProjectConfigurationPlatforms) = postSolution
		{7097ED68-1ECD-4206-8BDC-0B5C254E24EA}.Debug|Any CPU.ActiveCfg = Debug|Any CPU
		{7097ED68-1ECD-4206-8BDC-0B5C254E24EA}.Debug|Any CPU.Build.0 = Debug|Any CPU
		{7097ED68-1ECD-4206-8BDC-0B5C254E24EA}.Release|Any CPU.ActiveCfg = Release|Any CPU
		{7097ED68-1ECD-4206-8BDC-0B5C254E24EA}.Release|Any CPU.Build.0 = Release|Any CPU
	EndGlobalSection
	GlobalSection(SolutionProperties) = preSolution
		HideSolutionNode = FALSE
	EndGlobalSection
	GlobalSection(ExtensibilityGlobals) = postSolution
		SolutionGuid = {94B59791-E96A-422A-AD88-179C518807B4}
	EndGlobalSection
EndGlobal
